github.com/chzyer/readline v0.0.0-20180603132655-2972be24d48e h1:fY5BOSpyZCqRo5OhCuC+XN+r/bBCmeuuJtjz+bCNIf8=
github.com/chzyer/readline v0.0.0-20180603132655-2972be24d48e/go.mod h1:nSuG5e5PlCu98SY8svDHJxuZscDgtXS6KTTbou5AhLI=
github.com/davecgh/go-spew v1.1.1 h1:vj9j/u1bqnvCEfJOwUhtlOARqs3+rkHYY13jYWTU97c=
github.com/davecgh/go-spew v1.1.1/go.mod h1:J7Y8YcW2NihsgmVo/mv3lAwl/skON4iLHjSsI+c5H38=
github.com/davecheney/godoc2md v0.0.0-20190102190552-ec8f0aeaa913 h1:QiE1haQ899RCDtVRhuF8PLMJBtlTsjB68fGhOJ0o+9M=
github.com/davecheney/godoc2md v0.0.0-20190102190552-ec8f0aeaa913/go.mod h1:mUyU+12reTra3LLJzldnOLcKjknB0ajbIpIgvIBF4OE=
github.com/mattn/go-runewidth v0.0.4 h1:2BvfKmzob6Bmd4YsL0zygOqfdFnK7GR4QL06Do4/p7Y=
github.com/mattn/go-runewidth v0.0.4/go.mod h1:LwmH8dsx7+W8Uxz3IHJYH5QSwggIsqBzpuz5H//U1FU=
github.com/sbinet/go-readline v0.0.0-20131111164208-70d328f5e400 h1:RdHmfF5Ow7KIqhARwk4YiFcwEx7+eZrWpjS7lGNHOfk=
github.com/sbinet/go-readline v0.0.0-20131111164208-70d328f5e400/go.mod h1:YoXtMs7JxhL9oMvNaIj4WhbJoNPzQX56xUMvXTEJciU=
github.com/thda/tablewriter v0.0.0-20180207080603-aedbbc0800df h1:KkSKeOBg0Uc7XypdKISs8E2e1SudQntsAa+oQEA+rqs=
github.com/thda/tablewriter v0.0.0-20180207080603-aedbbc0800df/go.mod h1:xmso0lisU90iUAMdJdRhVEClVoy6lXumd0SDZyv5Mek=
golang.org/x/net v0.0.0-20190110200230-915654e7eabc h1:Yx9JGxI1SBhVLFjpAkWMaO1TF+xyqtHLjZpvQboJGiM=
golang.org/x/net v0.0.0-20190110200230-915654e7eabc/go.mod h1:mL1N/T3taQHkDXs73rZJwtUhF3w3ftmwwsq0BUmARs4=
golang.org/x/net v0.0.0-20190119204137-ed066c81e75e h1:MDa3fSUp6MdYHouVmCCNz/zaH2a6CRcxY3VhT/K3C5Q=
golang.org/x/net v0.0.0-20190119204137-ed066c81e75e/go.mod h1:mL1N/T3taQHkDXs73rZJwtUhF3w3ftmwwsq0BUmARs4=
golang.org/x/text v0.3.0 h1:g61tztE5qeGQ89tm6NTjjM9VPIm088od1l6aSorWRWg=
golang.org/x/text v0.3.0/go.mod h1:NqM8EUOU14njkJ3fqMW+pc6Ldnwhi/IjpwHt7yyuwOQ=
golang.org/x/tools v0.0.0-20181011021141-0e57ebad1d6b/go.mod h1:n7NCudcB/nEzxVGmLbDWY5pfWTLqBcC2KZ6jyYvM4mQ=
golang.org/x/tools v0.0.0-20190117194123-b4b6fe2cb829 h1:KcPVP+aI5SiGLwOwXeTvG2jj4X5HHZwPkZw3Io0zgOM=
golang.org/x/tools v0.0.0-20190117194123-b4b6fe2cb829/go.mod h1:n7NCudcB/nEzxVGmLbDWY5pfWTLqBcC2KZ6jyYvM4mQ=
golang.org/x/tools v0.0.0-20190118193359-16909d206f00 h1:6OmoTtlNJlHuWNIjTEyUtMBHrryp8NRuf/XtnC7MmXM=
golang.org/x/tools v0.0.0-20190118193359-16909d206f00/go.mod h1:n7NCudcB/nEzxVGmLbDWY5pfWTLqBcC2KZ6jyYvM4mQ=
